
Microsoft Visual Studio Solution File, Format Version 12.00
# Visual Studio Version 16
VisualStudioVersion = 16.0.30907.101
MinimumVisualStudioVersion = 10.0.40219.1
Project("{FAE04EC0-301F-11D3-BF4B-00C04F79EFBC}") = "Learn_Specflow", "Learn_Specflow\Learn_Specflow.csproj", "{C71769E6-E009-48FE-B5BF-06D9416023FB}"
EndProject
Global
	GlobalSection(SolutionConfigurationPlatforms) = preSolution
		Debug|Any CPU = Debug|Any CPU
		Release|Any CPU = Release|Any CPU
	EndGlobalSection
	GlobalSection(ProjectConfigurationPlatforms) = postSolution
		{C71769E6-E009-48FE-B5BF-06D9416023FB}.Debug|Any CPU.ActiveCfg = Debug|Any CPU
		{C71769E6-E009-48FE-B5BF-06D9416023FB}.Debug|Any CPU.Build.0 = Debug|Any CPU
		{C71769E6-E009-48FE-B5BF-06D9416023FB}.Release|Any CPU.ActiveCfg = Release|Any CPU
		{C71769E6-E009-48FE-B5BF-06D9416023FB}.Release|Any CPU.Build.0 = Release|Any CPU
	EndGlobalSection
	GlobalSection(SolutionProperties) = preSolution
		HideSolutionNode = FALSE
	EndGlobalSection
	GlobalSection(ExtensibilityGlobals) = postSolution
		SolutionGuid = {B8676FBC-0E5B-49A1-8472-6335F0D88E11}
	EndGlobalSection
EndGlobal
